
Microsoft Visual Studio Solution File, Format Version 12.00
# Visual Studio Version 16
VisualStudioVersion = 16.0.29403.142
MinimumVisualStudioVersion = 10.0.40219.1
Project("{888888A0-9F3D-457C-B088-3A5042F75D52}") = "MyPythonToolKit", "MyPythonToolKit.pyproj", "{1C2C5B7E-EAE9-43AA-B413-876679620D7B}"
EndProject
Global
	GlobalSection(SolutionConfigurationPlatforms) = preSolution
		Debug|Any CPU = Debug|Any CPU
		Release|Any CPU = Release|Any CPU
	EndGlobalSection
	GlobalSection(ProjectConfigurationPlatforms) = postSolution
		{1C2C5B7E-EAE9-43AA-B413-876679620D7B}.Debug|Any CPU.ActiveCfg = Debug|Any CPU
		{1C2C5B7E-EAE9-43AA-B413-876679620D7B}.Release|Any CPU.ActiveCfg = Release|Any CPU
	EndGlobalSection
	GlobalSection(SolutionProperties) = preSolution
		HideSolutionNode = FALSE
	EndGlobalSection
	GlobalSection(ExtensibilityGlobals) = postSolution
		SolutionGuid = {EEE9B998-7386-4882-AAA3-B71146BBC080}
	EndGlobalSection
EndGlobal
